// !$*UTF8*$!
{archiveVersion = 1; classes = {}; objectVersion = 56; objects = {
026BD239505D0FDA34AE9CE7 = {isa = XCBuildConfiguration; buildSettings = {IPHONEOS_DEPLOYMENT_TARGET = "17.0"; SWIFT_VERSION = "5.0"; SDKROOT = "iphoneos"; TARGETED_DEVICE_FAMILY = "1"; CODE_SIGN_STYLE = "Automatic"; CURRENT_PROJECT_VERSION = "1"; MARKETING_VERSION = "1.0.0"; CLANG_ENABLE_MODULES = "YES"; SWIFT_STRICT_CONCURRENCY = "targeted"; ENABLE_USER_SCRIPT_SANDBOXING = "YES"; PRODUCT_BUNDLE_IDENTIFIER = "com.hesabbeitna.mew.ios.uitests"; PRODUCT_NAME = "MewUITests"; GENERATE_INFOPLIST_FILE = "YES"; TEST_TARGET_NAME = "Mew"; SWIFT_OPTIMIZATION_LEVEL = "-Onone"; SWIFT_ACTIVE_COMPILATION_CONDITIONS = "DEBUG"; DEBUG_INFORMATION_FORMAT = "dwarf";}; name = Debug;};
0D3E6607D4FF981689813653 = {isa = XCConfigurationList; buildConfigurations = (7BAFABE2254AD1167522D982,8C01F082D7AA157A2973B052,); defaultConfigurationIsVisible = 0; defaultConfigurationName = Release;};
1A034FAFEF1B56EB6CE2C84D = {isa = XCConfigurationList; buildConfigurations = (026BD239505D0FDA34AE9CE7,CAE53E9DC5490ABA41B3A1C8,); defaultConfigurationIsVisible = 0; defaultConfigurationName = Release;};
28BACC023D9BF46D3BF1EED5 = {isa = PBXFileReference; lastKnownFileType = sourcecode.swift; path = "Mew/App/Store.swift"; sourceTree = "<group>";};
29BB5A1F789B4343D9D10FFE = {isa = XCConfigurationList; buildConfigurations = (5A0B370FCCBCF7D3114ECCFE,C54F46B7A3B8B6BCD3771643,); defaultConfigurationIsVisible = 0; defaultConfigurationName = Release;};
29C2F35E7F6A33A8035BEF9E = {isa = PBXFileReference; lastKnownFileType = sourcecode.swift; path = "Mew/Core/SearchReports.swift"; sourceTree = "<group>";};
29DF3D9323D693B656EAA205 = {isa = PBXFileReference; lastKnownFileType = text.xml; path = "Mew/PrivacyInfo.xcprivacy"; sourceTree = "<group>";};
330DA949073E8C3312361002 = {isa = XCConfigurationList; buildConfigurations = (3AD98D947BB3BB707E8F22B5,972F03D322E84EA0EE1F79C2,); defaultConfigurationIsVisible = 0; defaultConfigurationName = Release;};
33F15FBC567FA0FB480BD533 = {isa = PBXFileReference; lastKnownFileType = sourcecode.swift; path = "Mew/App/MainScreens.swift"; sourceTree = "<group>";};
36992FD9EFCC35941EC8F506 = {isa = PBXFileReference; explicitFileType = wrapper.application; path = Mew.app; sourceTree = BUILT_PRODUCTS_DIR;};
39DEE2B1F6246D5588DE39F2 = {isa = PBXBuildFile; fileRef = B25994B655B8ACEEE39B2601;};
3AD98D947BB3BB707E8F22B5 = {isa = XCBuildConfiguration; buildSettings = {IPHONEOS_DEPLOYMENT_TARGET = "17.0"; SWIFT_VERSION = "5.0"; SDKROOT = "iphoneos"; TARGETED_DEVICE_FAMILY = "1"; CODE_SIGN_STYLE = "Automatic"; CURRENT_PROJECT_VERSION = "1"; MARKETING_VERSION = "1.0.0"; CLANG_ENABLE_MODULES = "YES"; SWIFT_STRICT_CONCURRENCY = "targeted"; ENABLE_USER_SCRIPT_SANDBOXING = "YES"; PRODUCT_BUNDLE_IDENTIFIER = "com.hesabbeitna.mew.ios"; PRODUCT_NAME = "Mew"; INFOPLIST_FILE = "Mew/Info.plist"; ASSETCATALOG_COMPILER_APPICON_NAME = "AppIcon"; GENERATE_INFOPLIST_FILE = "NO"; LD_RUNPATH_SEARCH_PATHS = "$(inherited) @executable_path/Frameworks"; SWIFT_OPTIMIZATION_LEVEL = "-Onone"; SWIFT_ACTIVE_COMPILATION_CONDITIONS = "DEBUG"; DEBUG_INFORMATION_FORMAT = "dwarf";}; name = Debug;};
3BA7E0804BB98620E09747B5 = {isa = PBXBuildFile; fileRef = 29C2F35E7F6A33A8035BEF9E;};
4750BC0CA090B9C8C93E5A6C = {isa = PBXBuildFile; fileRef = 90BC93A888E74CFEECDAB87B;};
48021BA534050206D31D8AAD = {isa = PBXNativeTarget; buildConfigurationList = 0D3E6607D4FF981689813653; buildPhases = (5DDB0E64CE5DBFEFCE957171,7561BFB015D8F536760CB671,); buildRules = (); dependencies = (DE58E2B17C19600779694943,); name = MewAppTests; productName = MewAppTests; productReference = FD2211A188B4D52B69DCF468; productType = "com.apple.product-type.bundle.unit-test";};
513DE63E73EB8230187F293F = {isa = PBXFileReference; explicitFileType = wrapper.cfbundle; path = MewUITests.xctest; sourceTree = BUILT_PRODUCTS_DIR;};
5A0B370FCCBCF7D3114ECCFE = {isa = XCBuildConfiguration; buildSettings = {CLANG_ENABLE_MODULES = "YES"; SWIFT_VERSION = "5.0"; IPHONEOS_DEPLOYMENT_TARGET = "17.0"; SWIFT_OPTIMIZATION_LEVEL = "-Onone"; SWIFT_ACTIVE_COMPILATION_CONDITIONS = "DEBUG"; DEBUG_INFORMATION_FORMAT = "dwarf";}; name = Debug;};
5A5BBB15A7E36F7C5831F304 = {isa = PBXBuildFile; fileRef = 782D638CCB1637D12D667C82;};
5DDB0E64CE5DBFEFCE957171 = {isa = PBXSourcesBuildPhase; buildActionMask = 2147483647; files = (B3DE423E2EB50FE38D33522D,); runOnlyForDeploymentPostprocessing = 0;};
615B463D1028E4E24B674CF7 = {isa = PBXGroup; children = (36992FD9EFCC35941EC8F506,513DE63E73EB8230187F293F,FD2211A188B4D52B69DCF468,); name = Products; sourceTree = "<group>";};
7561BFB015D8F536760CB671 = {isa = PBXFrameworksBuildPhase; buildActionMask = 2147483647; files = (); runOnlyForDeploymentPostprocessing = 0;};
782D638CCB1637D12D667C82 = {isa = PBXFileReference; lastKnownFileType = sourcecode.swift; path = "UITests/MewUITests.swift"; sourceTree = "<group>";};
794AAC98ACE6EB716B86C3A5 = {isa = PBXNativeTarget; buildConfigurationList = 1A034FAFEF1B56EB6CE2C84D; buildPhases = (F9ACDEB529017EFC18F5E60A,7561BFB015D8F536760CB671,); buildRules = (); dependencies = (DE58E2B17C19600779694943,); name = MewUITests; productName = MewUITests; productReference = 513DE63E73EB8230187F293F; productType = "com.apple.product-type.bundle.ui-testing";};
7BAFABE2254AD1167522D982 = {isa = XCBuildConfiguration; buildSettings = {IPHONEOS_DEPLOYMENT_TARGET = "17.0"; SWIFT_VERSION = "5.0"; SDKROOT = "iphoneos"; TARGETED_DEVICE_FAMILY = "1"; CODE_SIGN_STYLE = "Automatic"; CURRENT_PROJECT_VERSION = "1"; MARKETING_VERSION = "1.0.0"; CLANG_ENABLE_MODULES = "YES"; SWIFT_STRICT_CONCURRENCY = "targeted"; ENABLE_USER_SCRIPT_SANDBOXING = "YES"; PRODUCT_BUNDLE_IDENTIFIER = "com.hesabbeitna.mew.ios.tests"; PRODUCT_NAME = "MewAppTests"; GENERATE_INFOPLIST_FILE = "YES"; TEST_HOST = "$(BUILT_PRODUCTS_DIR)/Mew.app/$(BUNDLE_EXECUTABLE_FOLDER_PATH)/Mew"; BUNDLE_LOADER = "$(TEST_HOST)"; SWIFT_OPTIMIZATION_LEVEL = "-Onone"; SWIFT_ACTIVE_COMPILATION_CONDITIONS = "DEBUG"; DEBUG_INFORMATION_FORMAT = "dwarf";}; name = Debug;};
870B3294C0CBD48AF6BBCC1B = {isa = PBXGroup; children = (90BC93A888E74CFEECDAB87B,D453053275E5057DAFF3BC7D,33F15FBC567FA0FB480BD533,D8786525AB2A72854164E118,B25994B655B8ACEEE39B2601,28BACC023D9BF46D3BF1EED5,C505186D544E8A64B1364DB6,9BB17BFE9F4B8ACD2F86F7AB,29C2F35E7F6A33A8035BEF9E,F801A0859EE4D520E7C10DE9,D30C9AFA1EFEF2442D75C201,29DF3D9323D693B656EAA205,782D638CCB1637D12D667C82,EBEF7CCFA70AE858DD9CA54F,36992FD9EFCC35941EC8F506,513DE63E73EB8230187F293F,FD2211A188B4D52B69DCF468,); sourceTree = "<group>";};
88F3AE7CD6C06F8861122524 = {isa = PBXBuildFile; fileRef = D8786525AB2A72854164E118;};
8C01F082D7AA157A2973B052 = {isa = XCBuildConfiguration; buildSettings = {IPHONEOS_DEPLOYMENT_TARGET = "17.0"; SWIFT_VERSION = "5.0"; SDKROOT = "iphoneos"; TARGETED_DEVICE_FAMILY = "1"; CODE_SIGN_STYLE = "Automatic"; CURRENT_PROJECT_VERSION = "1"; MARKETING_VERSION = "1.0.0"; CLANG_ENABLE_MODULES = "YES"; SWIFT_STRICT_CONCURRENCY = "targeted"; ENABLE_USER_SCRIPT_SANDBOXING = "YES"; PRODUCT_BUNDLE_IDENTIFIER = "com.hesabbeitna.mew.ios.tests"; PRODUCT_NAME = "MewAppTests"; GENERATE_INFOPLIST_FILE = "YES"; TEST_HOST = "$(BUILT_PRODUCTS_DIR)/Mew.app/$(BUNDLE_EXECUTABLE_FOLDER_PATH)/Mew"; BUNDLE_LOADER = "$(TEST_HOST)"; SWIFT_OPTIMIZATION_LEVEL = "-O"; SWIFT_ACTIVE_COMPILATION_CONDITIONS = ""; DEBUG_INFORMATION_FORMAT = "dwarf-with-dsym";}; name = Release;};
8ECC8B5D05B79F879ACDF1A2 = {isa = PBXResourcesBuildPhase; buildActionMask = 2147483647; files = (99638C8B69626E0404080F93,B4FF152C055F5806C10772A2,); runOnlyForDeploymentPostprocessing = 0;};
90BC93A888E74CFEECDAB87B = {isa = PBXFileReference; lastKnownFileType = sourcecode.swift; path = "Mew/App/Design.swift"; sourceTree = "<group>";};
92A09A45192008C5CAA9AB75 = {isa = PBXBuildFile; fileRef = 9BB17BFE9F4B8ACD2F86F7AB;};
949D493B91791558E87BC5D7 = {isa = PBXSourcesBuildPhase; buildActionMask = 2147483647; files = (4750BC0CA090B9C8C93E5A6C,AC664C59287632F4B3314E87,C0D3998675BE05CD1907FAE5,88F3AE7CD6C06F8861122524,39DEE2B1F6246D5588DE39F2,BA52B75119A425E42F6A6227,98D4CAB34C272209FDE9D84D,92A09A45192008C5CAA9AB75,3BA7E0804BB98620E09747B5,C386665A139BBFBA8301EC5E,); runOnlyForDeploymentPostprocessing = 0;};
972F03D322E84EA0EE1F79C2 = {isa = XCBuildConfiguration; buildSettings = {IPHONEOS_DEPLOYMENT_TARGET = "17.0"; SWIFT_VERSION = "5.0"; SDKROOT = "iphoneos"; TARGETED_DEVICE_FAMILY = "1"; CODE_SIGN_STYLE = "Automatic"; CURRENT_PROJECT_VERSION = "1"; MARKETING_VERSION = "1.0.0"; CLANG_ENABLE_MODULES = "YES"; SWIFT_STRICT_CONCURRENCY = "targeted"; ENABLE_USER_SCRIPT_SANDBOXING = "YES"; PRODUCT_BUNDLE_IDENTIFIER = "com.hesabbeitna.mew.ios"; PRODUCT_NAME = "Mew"; INFOPLIST_FILE = "Mew/Info.plist"; ASSETCATALOG_COMPILER_APPICON_NAME = "AppIcon"; GENERATE_INFOPLIST_FILE = "NO"; LD_RUNPATH_SEARCH_PATHS = "$(inherited) @executable_path/Frameworks"; SWIFT_OPTIMIZATION_LEVEL = "-O"; SWIFT_ACTIVE_COMPILATION_CONDITIONS = ""; DEBUG_INFORMATION_FORMAT = "dwarf-with-dsym";}; name = Release;};
98D4CAB34C272209FDE9D84D = {isa = PBXBuildFile; fileRef = C505186D544E8A64B1364DB6;};
98F54143AB4E86B28C3AFEE0 = {isa = PBXProject; attributes = {LastUpgradeCheck = 1600; TargetAttributes = {F75109BEB4DD8800DA6B45F8 = {CreatedOnToolsVersion = 16.0;};794AAC98ACE6EB716B86C3A5 = {CreatedOnToolsVersion = 16.0;TestTargetID = F75109BEB4DD8800DA6B45F8;};48021BA534050206D31D8AAD = {CreatedOnToolsVersion = 16.0;TestTargetID = F75109BEB4DD8800DA6B45F8;};};}; buildConfigurationList = 29BB5A1F789B4343D9D10FFE; compatibilityVersion = "Xcode 14.0"; developmentRegion = ar; hasScannedForEncodings = 0; knownRegions = (ar,en,Base); mainGroup = 870B3294C0CBD48AF6BBCC1B; productRefGroup = 615B463D1028E4E24B674CF7; projectDirPath = ""; projectRoot = ""; targets = (F75109BEB4DD8800DA6B45F8,48021BA534050206D31D8AAD,794AAC98ACE6EB716B86C3A5,);};
99638C8B69626E0404080F93 = {isa = PBXBuildFile; fileRef = D30C9AFA1EFEF2442D75C201;};
9BB17BFE9F4B8ACD2F86F7AB = {isa = PBXFileReference; lastKnownFileType = sourcecode.swift; path = "Mew/Core/Models.swift"; sourceTree = "<group>";};
AC664C59287632F4B3314E87 = {isa = PBXBuildFile; fileRef = D453053275E5057DAFF3BC7D;};
B25994B655B8ACEEE39B2601 = {isa = PBXFileReference; lastKnownFileType = sourcecode.swift; path = "Mew/App/MoreScreens.swift"; sourceTree = "<group>";};
B3DE423E2EB50FE38D33522D = {isa = PBXBuildFile; fileRef = EBEF7CCFA70AE858DD9CA54F;};
B4FF152C055F5806C10772A2 = {isa = PBXBuildFile; fileRef = 29DF3D9323D693B656EAA205;};
BA52B75119A425E42F6A6227 = {isa = PBXBuildFile; fileRef = 28BACC023D9BF46D3BF1EED5;};
C0D3998675BE05CD1907FAE5 = {isa = PBXBuildFile; fileRef = 33F15FBC567FA0FB480BD533;};
C386665A139BBFBA8301EC5E = {isa = PBXBuildFile; fileRef = F801A0859EE4D520E7C10DE9;};
C505186D544E8A64B1364DB6 = {isa = PBXFileReference; lastKnownFileType = sourcecode.swift; path = "Mew/Core/Finance.swift"; sourceTree = "<group>";};
C54F46B7A3B8B6BCD3771643 = {isa = XCBuildConfiguration; buildSettings = {CLANG_ENABLE_MODULES = "YES"; SWIFT_VERSION = "5.0"; IPHONEOS_DEPLOYMENT_TARGET = "17.0"; SWIFT_OPTIMIZATION_LEVEL = "-O"; SWIFT_ACTIVE_COMPILATION_CONDITIONS = ""; DEBUG_INFORMATION_FORMAT = "dwarf-with-dsym";}; name = Release;};
CAE53E9DC5490ABA41B3A1C8 = {isa = XCBuildConfiguration; buildSettings = {IPHONEOS_DEPLOYMENT_TARGET = "17.0"; SWIFT_VERSION = "5.0"; SDKROOT = "iphoneos"; TARGETED_DEVICE_FAMILY = "1"; CODE_SIGN_STYLE = "Automatic"; CURRENT_PROJECT_VERSION = "1"; MARKETING_VERSION = "1.0.0"; CLANG_ENABLE_MODULES = "YES"; SWIFT_STRICT_CONCURRENCY = "targeted"; ENABLE_USER_SCRIPT_SANDBOXING = "YES"; PRODUCT_BUNDLE_IDENTIFIER = "com.hesabbeitna.mew.ios.uitests"; PRODUCT_NAME = "MewUITests"; GENERATE_INFOPLIST_FILE = "YES"; TEST_TARGET_NAME = "Mew"; SWIFT_OPTIMIZATION_LEVEL = "-O"; SWIFT_ACTIVE_COMPILATION_CONDITIONS = ""; DEBUG_INFORMATION_FORMAT = "dwarf-with-dsym";}; name = Release;};
D30C9AFA1EFEF2442D75C201 = {isa = PBXFileReference; lastKnownFileType = folder.assetcatalog; path = "Mew/Assets.xcassets"; sourceTree = "<group>";};
D453053275E5057DAFF3BC7D = {isa = PBXFileReference; lastKnownFileType = sourcecode.swift; path = "Mew/App/Editors.swift"; sourceTree = "<group>";};
D799BAE6088A90139B415FCC = {isa = PBXContainerItemProxy; containerPortal = 98F54143AB4E86B28C3AFEE0; proxyType = 1; remoteGlobalIDString = F75109BEB4DD8800DA6B45F8; remoteInfo = Mew;};
D8786525AB2A72854164E118 = {isa = PBXFileReference; lastKnownFileType = sourcecode.swift; path = "Mew/App/MewApp.swift"; sourceTree = "<group>";};
DE58E2B17C19600779694943 = {isa = PBXTargetDependency; target = F75109BEB4DD8800DA6B45F8; targetProxy = D799BAE6088A90139B415FCC;};
EBEF7CCFA70AE858DD9CA54F = {isa = PBXFileReference; lastKnownFileType = sourcecode.swift; path = "AppTests/AppTests.swift"; sourceTree = "<group>";};
F75109BEB4DD8800DA6B45F8 = {isa = PBXNativeTarget; buildConfigurationList = 330DA949073E8C3312361002; buildPhases = (949D493B91791558E87BC5D7,7561BFB015D8F536760CB671,8ECC8B5D05B79F879ACDF1A2,); buildRules = (); dependencies = (); name = Mew; productName = Mew; productReference = 36992FD9EFCC35941EC8F506; productType = "com.apple.product-type.application";};
F801A0859EE4D520E7C10DE9 = {isa = PBXFileReference; lastKnownFileType = sourcecode.swift; path = "Mew/Core/Vault.swift"; sourceTree = "<group>";};
F9ACDEB529017EFC18F5E60A = {isa = PBXSourcesBuildPhase; buildActionMask = 2147483647; files = (5A5BBB15A7E36F7C5831F304,); runOnlyForDeploymentPostprocessing = 0;};
FD2211A188B4D52B69DCF468 = {isa = PBXFileReference; explicitFileType = wrapper.cfbundle; path = MewAppTests.xctest; sourceTree = BUILT_PRODUCTS_DIR;};
}; rootObject = 98F54143AB4E86B28C3AFEE0;}
